// !$*UTF8*$!
{
	archiveVersion = 1;
	classes = {
	};
	objectVersion = 50;
	objects = {

/* Begin PBXBuildFile section */
		F44AF1A6228DA7FE0081DFFF /* AppDelegate.swift in Sources */ = {isa = PBXBuildFile; fileRef = F44AF1A5228DA7FE0081DFFF /* AppDelegate.swift */; };
		F44AF1A8228DA7FE0081DFFF /* ViewController.swift in Sources */ = {isa = PBXBuildFile; fileRef = F44AF1A7228DA7FE0081DFFF /* ViewController.swift */; };
		F44AF1AB228DA7FE0081DFFF /* Main.storyboard in Resources */ = {isa = PBXBuildFile; fileRef = F44AF1A9228DA7FE0081DFFF /* Main.storyboard */; };
		F44AF1AD228DA8010081DFFF /* Assets.xcassets in Resources */ = {isa = PBXBuildFile; fileRef = F44AF1AC228DA8010081DFFF /* Assets.xcassets */; };
		F44AF1B0228DA8010081DFFF /* LaunchScreen.storyboard in Resources */ = {isa = PBXBuildFile; fileRef = F44AF1AE228DA8010081DFFF /* LaunchScreen.storyboard */; };
/* End PBXBuildFile section */

/* Begin PBXFileReference section */
		F44AF1A2228DA7FE0081DFFF /* Hobby Tutorial.app */ = {isa = PBXFileReference; explicitFileType = wrapper.application; includeInIndex = 0; path = "Hobby Tutorial.app"; sourceTree = BUILT_PRODUCTS_DIR; };
		F44AF1A5228DA7FE0081DFFF /* AppDelegate.swift */ = {isa = PBXFileReference; lastKnownFileType = sourcecode.swift; path = AppDelegate.swift; sourceTree = "<group>"; };
		F44AF1A7228DA7FE0081DFFF /* ViewController.swift */ = {isa = PBXFileReference; lastKnownFileType = sourcecode.swift; path = ViewController.swift; sourceTree = "<group>"; };
		F44AF1AA228DA7FE0081DFFF /* Base */ = {isa = PBXFileReference; lastKnownFileType = file.storyboard; name = Base; path = Base.lproj/Main.storyboard; sourceTree = "<group>"; };
		F44AF1AC228DA8010081DFFF /* Assets.xcassets */ = {isa = PBXFileReference; lastKnownFileType = folder.assetcatalog; path = Assets.xcassets; sourceTree = "<group>"; };
		F44AF1AF228DA8010081DFFF /* Base */ = {isa = PBXFileReference; lastKnownFileType = file.storyboard; name = Base; path = Base.lproj/LaunchScreen.storyboard; sourceTree = "<group>"; };
		F44AF1B1228DA8010081DFFF /* Info.plist */ = {isa = PBXFileReference; lastKnownFileType = text.plist.xml; path = Info.plist; sourceTree = "<group>"; };
/* End PBXFileReference section */

/* Begin PBXFrameworksBuildPhase section */
		F44AF19F228DA7FE0081DFFF /* Frameworks */ = {
			isa = PBXFrameworksBuildPhase;
			buildActionMask = 2147483647;
			files = (
			);
			runOnlyForDeploymentPostprocessing = 0;
		};
/* End PBXFrameworksBuildPhase section */

/* Begin PBXGroup section */
		F44AF199228DA7FE0081DFFF = {
			isa = PBXGroup;
			children = (
				F44AF1A4228DA7FE0081DFFF /* Hobby Tutorial */,
				F44AF1A3228DA7FE0081DFFF /* Products */,
			);
			sourceTree = "<group>";
		};
		F44AF1A3228DA7FE0081DFFF /* Products */ = {
			isa = PBXGroup;
			children = (
				F44AF1A2228DA7FE0081DFFF /* Hobby Tutorial.app */,
			);
			name = Products;
			sourceTree = "<group>";
		};
		F44AF1A4228DA7FE0081DFFF /* Hobby Tutorial */ = {
			isa = PBXGroup;
			children = (
				F44AF1A5228DA7FE0081DFFF /* AppDelegate.swift */,
				F44AF1A7228DA7FE0081DFFF /* ViewController.swift */,
				F44AF1A9228DA7FE0081DFFF /* Main.storyboard */,
				F44AF1AC228DA8010081DFFF /* Assets.xcassets */,
				F44AF1AE228DA8010081DFFF /* LaunchScreen.storyboard */,
				F44AF1B1228DA8010081DFFF /* Info.plist */,
			);
			path = "Hobby Tutorial";
			sourceTree = "<group>";
		};
/* End PBXGroup section */

/* Begin PBXNativeTarget section */
		F44AF1A1228DA7FE0081DFFF /* Hobby Tutorial */ = {
			isa = PBXNativeTarget;
			buildConfigurationList = F44AF1B4228DA8010081DFFF /* Build configuration list for PBXNativeTarget "Hobby Tutorial" */;
			buildPhases = (
				F44AF19E228DA7FE0081DFFF /* Sources */,
				F44AF19F228DA7FE0081DFFF /* Frameworks */,
				F44AF1A0228DA7FE0081DFFF /* Resources */,
			);
			buildRules = (
			);
			dependencies = (
			);
			name = "Hobby Tutorial";
			productName = "Hobby Tutorial";
			productReference = F44AF1A2228DA7FE0081DFFF /* Hobby Tutorial.app */;
			productType = "com.apple.product-type.application";
		};
/* End PBXNativeTarget section */

/* Begin PBXProject section */
		F44AF19A228DA7FE0081DFFF /* Project object */ = {
			isa = PBXProject;
			attributes = {
				LastSwiftUpdateCheck = 1010;
				LastUpgradeCheck = 1010;
				ORGANIZATIONNAME = Student06;
				TargetAttributes = {
					F44AF1A1228DA7FE0081DFFF = {
						CreatedOnToolsVersion = 10.1;
					};
				};
			};
			buildConfigurationList = F44AF19D228DA7FE0081DFFF /* Build configuration list for PBXProject "Hobby Tutorial" */;
			compatibilityVersion = "Xcode 9.3";
			developmentRegion = en;
			hasScannedForEncodings = 0;
			knownRegions = (
				en,
				Base,
			);
			mainGroup = F44AF199228DA7FE0081DFFF;
			productRefGroup = F44AF1A3228DA7FE0081DFFF /* Products */;
			projectDirPath = "";
			projectRoot = "";
			targets = (
				F44AF1A1228DA7FE0081DFFF /* Hobby Tutorial */,
			);
		};
/* End PBXProject section */

/* Begin PBXResourcesBuildPhase section */
		F44AF1A0228DA7FE0081DFFF /* Resources */ = {
			isa = PBXResourcesBuildPhase;
			buildActionMask = 2147483647;
			files = (
				F44AF1B0228DA8010081DFFF /* LaunchScreen.storyboard in Resources */,
				F44AF1AD228DA8010081DFFF /* Assets.xcassets in Resources */,
				F44AF1AB228DA7FE0081DFFF /* Main.storyboard in Resources */,
			);
			runOnlyForDeploymentPostprocessing = 0;
		};
/* End PBXResourcesBuildPhase section */

/* Begin PBXSourcesBuildPhase section */
		F44AF19E228DA7FE0081DFFF /* Sources */ = {
			isa = PBXSourcesBuildPhase;
			buildActionMask = 2147483647;
			files = (
				F44AF1A8228DA7FE0081DFFF /* ViewController.swift in Sources */,
				F44AF1A6228DA7FE0081DFFF /* AppDelegate.swift in Sources */,
			);
			runOnlyForDeploymentPostprocessing = 0;
		};
/* End PBXSourcesBuildPhase section */

/* Begin PBXVariantGroup section */
		F44AF1A9228DA7FE0081DFFF /* Main.storyboard */ = {
			isa = PBXVariantGroup;
			children = (
				F44AF1AA228DA7FE0081DFFF /* Base */,
			);
			name = Main.storyboard;
			sourceTree = "<group>";
		};
		F44AF1AE228DA8010081DFFF /* LaunchScreen.storyboard */ = {
			isa = PBXVariantGroup;
			children = (
				F44AF1AF228DA8010081DFFF /* Base */,
			);
			name = LaunchScreen.storyboard;
			sourceTree = "<group>";
		};
/* End PBXVariantGroup section */

/* Begin XCBuildConfiguration section */
		F44AF1B2228DA8010081DFFF /* Debug */ = {
			isa = XCBuildConfiguration;
			buildSettings = {
				ALWAYS_SEARCH_USER_PATHS = NO;
				CLANG_ANALYZER_NONNULL = YES;
				CLANG_ANALYZER_NUMBER_OBJECT_CONVERSION = YES_AGGRESSIVE;
				CLANG_CXX_LANGUAGE_STANDARD = "gnu++14";
				CLANG_CXX_LIBRARY = "libc++";
				CLANG_ENABLE_MODULES = YES;
				CLANG_ENABLE_OBJC_ARC = YES;
				CLANG_ENABLE_OBJC_WEAK = YES;
				CLANG_WARN_BLOCK_CAPTURE_AUTORELEASING = YES;
				CLANG_WARN_BOOL_CONVERSION = YES;
				CLANG_WARN_COMMA = YES;
				CLANG_WARN_CONSTANT_CONVERSION = YES;
				CLANG_WARN_DEPRECATED_OBJC_IMPLEMENTATIONS = YES;
				CLANG_WARN_DIRECT_OBJC_ISA_USAGE = YES_ERROR;
				CLANG_WARN_DOCUMENTATION_COMMENTS = YES;
				CLANG_WARN_EMPTY_BODY = YES;
				CLANG_WARN_ENUM_CONVERSION = YES;
				CLANG_WARN_INFINITE_RECURSION = YES;
				CLANG_WARN_INT_CONVERSION = YES;
				CLANG_WARN_NON_LITERAL_NULL_CONVERSION = YES;
				CLANG_WARN_OBJC_IMPLICIT_RETAIN_SELF = YES;
				CLANG_WARN_OBJC_LITERAL_CONVERSION = YES;
				CLANG_WARN_OBJC_ROOT_CLASS = YES_ERROR;
				CLANG_WARN_RANGE_LOOP_ANALYSIS = YES;
				CLANG_WARN_STRICT_PROTOTYPES = YES;
				CLANG_WARN_SUSPICIOUS_MOVE = YES;
				CLANG_WARN_UNGUARDED_AVAILABILITY = YES_AGGRESSIVE;
				CLANG_WARN_UNREACHABLE_CODE = YES;
				CLANG_WARN__DUPLICATE_METHOD_MATCH = YES;
				CODE_SIGN_IDENTITY = "iPhone Developer";
				COPY_PHASE_STRIP = NO;
				DEBUG_INFORMATION_FORMAT = dwarf;
				ENABLE_STRICT_OBJC_MSGSEND = YES;
				ENABLE_TESTABILITY = YES;
				GCC_C_LANGUAGE_STANDARD = gnu11;
				GCC_DYNAMIC_NO_PIC = NO;
				GCC_NO_COMMON_BLOCKS = YES;
				GCC_OPTIMIZATION_LEVEL = 0;
				GCC_PREPROCESSOR_DEFINITIONS = (
					"DEBUG=1",
					"$(inherited)",
				);
				GCC_WARN_64_TO_32_BIT_CONVERSION = YES;
				GCC_WARN_ABOUT_RETURN_TYPE = YES_ERROR;
				GCC_WARN_UNDECLARED_SELECTOR = YES;
				GCC_WARN_UNINITIALIZED_AUTOS = YES_AGGRESSIVE;
				GCC_WARN_UNUSED_FUNCTION = YES;
				GCC_WARN_UNUSED_VARIABLE = YES;
				IPHONEOS_DEPLOYMENT_TARGET = 12.1;
				MTL_ENABLE_DEBUG_INFO = INCLUDE_SOURCE;
				MTL_FAST_MATH = YES;
				ONLY_ACTIVE_ARCH = YES;
				SDKROOT = iphoneos;
				SWIFT_ACTIVE_COMPILATION_CONDITIONS = DEBUG;
				SWIFT_OPTIMIZATION_LEVEL = "-Onone";
			};
			name = Debug;
		};
		F44AF1B3228DA8010081DFFF /* Release */ = {
			isa = XCBuildConfiguration;
			buildSettings = {
				ALWAYS_SEARCH_USER_PATHS = NO;
				CLANG_ANALYZER_NONNULL = YES;
				CLANG_ANALYZER_NUMBER_OBJECT_CONVERSION = YES_AGGRESSIVE;
				CLANG_CXX_LANGUAGE_STANDARD = "gnu++14";
				CLANG_CXX_LIBRARY = "libc++";
				CLANG_ENABLE_MODULES = YES;
				CLANG_ENABLE_OBJC_ARC = YES;
				CLANG_ENABLE_OBJC_WEAK = YES;
				CLANG_WARN_BLOCK_CAPTURE_AUTORELEASING = YES;
				CLANG_WARN_BOOL_CONVERSION = YES;
				CLANG_WARN_COMMA = YES;
				CLANG_WARN_CONSTANT_CONVERSION = YES;
				CLANG_WARN_DEPRECATED_OBJC_IMPLEMENTATIONS = YES;
				CLANG_WARN_DIRECT_OBJC_ISA_USAGE = YES_ERROR;
				CLANG_WARN_DOCUMENTATION_COMMENTS = YES;
				CLANG_WARN_EMPTY_BODY = YES;
				CLANG_WARN_ENUM_CONVERSION = YES;
				CLANG_WARN_INFINITE_RECURSION = YES;
				CLANG_WARN_INT_CONVERSION = YES;
				CLANG_WARN_NON_LITERAL_NULL_CONVERSION = YES;
				CLANG_WARN_OBJC_IMPLICIT_RETAIN_SELF = YES;
				CLANG_WARN_OBJC_LITERAL_CONVERSION = YES;
				CLANG_WARN_OBJC_ROOT_CLASS = YES_ERROR;
				CLANG_WARN_RANGE_LOOP_ANALYSIS = YES;
				CLANG_WARN_STRICT_PROTOTYPES = YES;
				CLANG_WARN_SUSPICIOUS_MOVE = YES;
				CLANG_WARN_UNGUARDED_AVAILABILITY = YES_AGGRESSIVE;
				CLANG_WARN_UNREACHABLE_CODE = YES;
				CLANG_WARN__DUPLICATE_METHOD_MATCH = YES;
				CODE_SIGN_IDENTITY = "iPhone Developer";
				COPY_PHASE_STRIP = NO;
				DEBUG_INFORMATION_FORMAT = "dwarf-with-dsym";
				ENABLE_NS_ASSERTIONS = NO;
				ENABLE_STRICT_OBJC_MSGSEND = YES;
				GCC_C_LANGUAGE_STANDARD = gnu11;
				GCC_NO_COMMON_BLOCKS = YES;
				GCC_WARN_64_TO_32_BIT_CONVERSION = YES;
				GCC_WARN_ABOUT_RETURN_TYPE = YES_ERROR;
				GCC_WARN_UNDECLARED_SELECTOR = YES;
				GCC_WARN_UNINITIALIZED_AUTOS = YES_AGGRESSIVE;
				GCC_WARN_UNUSED_FUNCTION = YES;
				GCC_WARN_UNUSED_VARIABLE = YES;
				IPHONEOS_DEPLOYMENT_TARGET = 12.1;
				MTL_ENABLE_DEBUG_INFO = NO;
				MTL_FAST_MATH = YES;
				SDKROOT = iphoneos;
				SWIFT_COMPILATION_MODE = wholemodule;
				SWIFT_OPTIMIZATION_LEVEL = "-O";
				VALIDATE_PRODUCT = YES;
			};
			name = Release;
		};
		F44AF1B5228DA8010081DFFF /* Debug */ = {
			isa = XCBuildConfiguration;
			buildSettings = {
				ASSETCATALOG_COMPILER_APPICON_NAME = AppIcon;
				CODE_SIGN_STYLE = Automatic;
				DEVELOPMENT_TEAM = RCUQCB2SC6;
				INFOPLIST_FILE = "Hobby Tutorial/Info.plist";
				LD_RUNPATH_SEARCH_PATHS = (
					"$(inherited)",
					"@executable_path/Frameworks",
				);
				PRODUCT_BUNDLE_IDENTIFIER = "com.example.Hobby-Tutorial";
				PRODUCT_NAME = "$(TARGET_NAME)";
				SWIFT_VERSION = 4.2;
				TARGETED_DEVICE_FAMILY = "1,2";
			};
			name = Debug;
		};
		F44AF1B6228DA8010081DFFF /* Release */ = {
			isa = XCBuildConfiguration;
			buildSettings = {
				ASSETCATALOG_COMPILER_APPICON_NAME = AppIcon;
				CODE_SIGN_STYLE = Automatic;
				DEVELOPMENT_TEAM = RCUQCB2SC6;
				INFOPLIST_FILE = "Hobby Tutorial/Info.plist";
				LD_RUNPATH_SEARCH_PATHS = (
					"$(inherited)",
					"@executable_path/Frameworks",
				);
				PRODUCT_BUNDLE_IDENTIFIER = "com.example.Hobby-Tutorial";
				PRODUCT_NAME = "$(TARGET_NAME)";
				SWIFT_VERSION = 4.2;
				TARGETED_DEVICE_FAMILY = "1,2";
			};
			name = Release;
		};
/* End XCBuildConfiguration section */

/* Begin XCConfigurationList section */
		F44AF19D228DA7FE0081DFFF /* Build configuration list for PBXProject "Hobby Tutorial" */ = {
			isa = XCConfigurationList;
			buildConfigurations = (
				F44AF1B2228DA8010081DFFF /* Debug */,
				F44AF1B3228DA8010081DFFF /* Release */,
			);
			defaultConfigurationIsVisible = 0;
			defaultConfigurationName = Release;
		};
		F44AF1B4228DA8010081DFFF /* Build configuration list for PBXNativeTarget "Hobby Tutorial" */ = {
			isa = XCConfigurationList;
			buildConfigurations = (
				F44AF1B5228DA8010081DFFF /* Debug */,
				F44AF1B6228DA8010081DFFF /* Release */,
			);
			defaultConfigurationIsVisible = 0;
			defaultConfigurationName = Release;
		};
/* End XCConfigurationList section */
	};
	rootObject = F44AF19A228DA7FE0081DFFF /* Project object */;
}
